[[package]]
name = "datafrog"
version = "0.1.0"
source = "registry+https://github.com/rust-lang/crates.io-index"

[[package]]
name = "ikaria"
version = "0.1.0"
dependencies = [
 "datafrog 0.1.0 (registry+https://github.com/rust-lang/crates.io-index)",
]

[metadata]
"checksum datafrog 0.1.0 (registry+https://github.com/rust-lang/crates.io-index)" = "16d724bf4ffe77cdceeecd461009b5f8d9e23c5d645d68bedb4586bf43e7e142"
